
Microsoft Visual Studio Solution File, Format Version 12.00
# Visual Studio Version 17
VisualStudioVersion = 17.3.32825.248
MinimumVisualStudioVersion = 10.0.40219.1
Project("{F184B08F-C81C-45F6-A57F-5ABD9991F28F}") = "Homework03", "Homework03.vbproj", "{639329C1-BEA0-424D-84AB-EC87AD5A3B8A}"
EndProject
Global
	GlobalSection(SolutionConfigurationPlatforms) = preSolution
		Debug|Any CPU = Debug|Any CPU
		Release|Any CPU = Release|Any CPU
	EndGlobalSection
	GlobalSection(ProjectConfigurationPlatforms) = postSolution
		{639329C1-BEA0-424D-84AB-EC87AD5A3B8A}.Debug|Any CPU.ActiveCfg = Debug|Any CPU
		{639329C1-BEA0-424D-84AB-EC87AD5A3B8A}.Debug|Any CPU.Build.0 = Debug|Any CPU
		{639329C1-BEA0-424D-84AB-EC87AD5A3B8A}.Release|Any CPU.ActiveCfg = Release|Any CPU
		{639329C1-BEA0-424D-84AB-EC87AD5A3B8A}.Release|Any CPU.Build.0 = Release|Any CPU
	EndGlobalSection
	GlobalSection(SolutionProperties) = preSolution
		HideSolutionNode = FALSE
	EndGlobalSection
	GlobalSection(ExtensibilityGlobals) = postSolution
		SolutionGuid = {4C654D3D-B0A3-4BD9-AA9D-94293C64933C}
	EndGlobalSection
EndGlobal
