
Microsoft Visual Studio Solution File, Format Version 12.00
# Visual Studio Version 17
VisualStudioVersion = 17.3.32819.101
MinimumVisualStudioVersion = 10.0.40219.1
Project("{F184B08F-C81C-45F6-A57F-5ABD9991F28F}") = "Lab01", "Lab01.vbproj", "{02E4AD58-3B09-4F1D-848C-A1A3D61AC7A1}"
EndProject
Global
	GlobalSection(SolutionConfigurationPlatforms) = preSolution
		Debug|Any CPU = Debug|Any CPU
		Release|Any CPU = Release|Any CPU
	EndGlobalSection
	GlobalSection(ProjectConfigurationPlatforms) = postSolution
		{02E4AD58-3B09-4F1D-848C-A1A3D61AC7A1}.Debug|Any CPU.ActiveCfg = Debug|Any CPU
		{02E4AD58-3B09-4F1D-848C-A1A3D61AC7A1}.Debug|Any CPU.Build.0 = Debug|Any CPU
		{02E4AD58-3B09-4F1D-848C-A1A3D61AC7A1}.Release|Any CPU.ActiveCfg = Release|Any CPU
		{02E4AD58-3B09-4F1D-848C-A1A3D61AC7A1}.Release|Any CPU.Build.0 = Release|Any CPU
	EndGlobalSection
	GlobalSection(SolutionProperties) = preSolution
		HideSolutionNode = FALSE
	EndGlobalSection
	GlobalSection(ExtensibilityGlobals) = postSolution
		SolutionGuid = {E5E9D676-135C-44A2-8A6C-8264DC429637}
	EndGlobalSection
EndGlobal
